
Microsoft Visual Studio Solution File, Format Version 12.00
# Visual Studio 15
VisualStudioVersion = 15.0.27703.2047
MinimumVisualStudioVersion = 10.0.40219.1
Project("{FAE04EC0-301F-11D3-BF4B-00C04F79EFBC}") = "w3c github dnt solution", "dnt dummy solution\w3c github dnt solution.csproj", "{DF79E0C5-4D3D-4EA2-8E72-D92FC4A6656B}"
EndProject
Global
	GlobalSection(SolutionConfigurationPlatforms) = preSolution
		Debug|Any CPU = Debug|Any CPU
		Release|Any CPU = Release|Any CPU
	EndGlobalSection
	GlobalSection(ProjectConfigurationPlatforms) = postSolution
		{DF79E0C5-4D3D-4EA2-8E72-D92FC4A6656B}.Debug|Any CPU.ActiveCfg = Debug|Any CPU
		{DF79E0C5-4D3D-4EA2-8E72-D92FC4A6656B}.Debug|Any CPU.Build.0 = Debug|Any CPU
		{DF79E0C5-4D3D-4EA2-8E72-D92FC4A6656B}.Release|Any CPU.ActiveCfg = Release|Any CPU
		{DF79E0C5-4D3D-4EA2-8E72-D92FC4A6656B}.Release|Any CPU.Build.0 = Release|Any CPU
	EndGlobalSection
	GlobalSection(SolutionProperties) = preSolution
		HideSolutionNode = FALSE
	EndGlobalSection
	GlobalSection(ExtensibilityGlobals) = postSolution
		SolutionGuid = {35F38A12-9B56-4718-A449-45C504C653C1}
	EndGlobalSection
EndGlobal
